
Microsoft Visual Studio Solution File, Format Version 12.00
# Visual Studio Version 16
VisualStudioVersion = 16.0.30309.148
MinimumVisualStudioVersion = 10.0.40219.1
Project("{9A19103F-16F7-4668-BE54-9A1E7A4F7556}") = "Arrays and array examples", "ConsoleApp1\Arrays and array examples.csproj", "{2542FDBF-3E7B-46A0-BB49-341B0FCEDEC2}"
EndProject
Project("{9A19103F-16F7-4668-BE54-9A1E7A4F7556}") = "Methods", "Methods\Methods.csproj", "{DAC88039-4BFD-474A-B261-5C6AF2B3488B}"
EndProject
Project("{FAE04EC0-301F-11D3-BF4B-00C04F79EFBC}") = "Classes", "Classes\Classes.csproj", "{02FB4952-F42A-41B4-9B90-74A9E2EA4F30}"
EndProject
Global
	GlobalSection(SolutionConfigurationPlatforms) = preSolution
		Debug|Any CPU = Debug|Any CPU
		Release|Any CPU = Release|Any CPU
	EndGlobalSection
	GlobalSection(ProjectConfigurationPlatforms) = postSolution
		{2542FDBF-3E7B-46A0-BB49-341B0FCEDEC2}.Debug|Any CPU.ActiveCfg = Debug|Any CPU
		{2542FDBF-3E7B-46A0-BB49-341B0FCEDEC2}.Debug|Any CPU.Build.0 = Debug|Any CPU
		{2542FDBF-3E7B-46A0-BB49-341B0FCEDEC2}.Release|Any CPU.ActiveCfg = Release|Any CPU
		{2542FDBF-3E7B-46A0-BB49-341B0FCEDEC2}.Release|Any CPU.Build.0 = Release|Any CPU
		{DAC88039-4BFD-474A-B261-5C6AF2B3488B}.Debug|Any CPU.ActiveCfg = Debug|Any CPU
		{DAC88039-4BFD-474A-B261-5C6AF2B3488B}.Debug|Any CPU.Build.0 = Debug|Any CPU
		{DAC88039-4BFD-474A-B261-5C6AF2B3488B}.Release|Any CPU.ActiveCfg = Release|Any CPU
		{DAC88039-4BFD-474A-B261-5C6AF2B3488B}.Release|Any CPU.Build.0 = Release|Any CPU
		{02FB4952-F42A-41B4-9B90-74A9E2EA4F30}.Debug|Any CPU.ActiveCfg = Debug|Any CPU
		{02FB4952-F42A-41B4-9B90-74A9E2EA4F30}.Debug|Any CPU.Build.0 = Debug|Any CPU
		{02FB4952-F42A-41B4-9B90-74A9E2EA4F30}.Release|Any CPU.ActiveCfg = Release|Any CPU
		{02FB4952-F42A-41B4-9B90-74A9E2EA4F30}.Release|Any CPU.Build.0 = Release|Any CPU
	EndGlobalSection
	GlobalSection(SolutionProperties) = preSolution
		HideSolutionNode = FALSE
	EndGlobalSection
	GlobalSection(ExtensibilityGlobals) = postSolution
		SolutionGuid = {1DFFA06E-7483-4639-B21F-2D02A53991DA}
	EndGlobalSection
EndGlobal
